// !$*UTF8*$!
{
	archiveVersion = 1;
	classes = {
	};
	objectVersion = 46;
	objects = {

/* Begin PBXBuildFile section */
		9EA7595D1591355500AB5599 /* UIKit.framework in Frameworks */ = {isa = PBXBuildFile; fileRef = 9EA7595C1591355500AB5599 /* UIKit.framework */; };
		9EA7595F1591355500AB5599 /* Foundation.framework in Frameworks */ = {isa = PBXBuildFile; fileRef = 9EA7595E1591355500AB5599 /* Foundation.framework */; };
		9EA759611591355500AB5599 /* CoreGraphics.framework in Frameworks */ = {isa = PBXBuildFile; fileRef = 9EA759601591355500AB5599 /* CoreGraphics.framework */; };
		9EA759671591355500AB5599 /* InfoPlist.strings in Resources */ = {isa = PBXBuildFile; fileRef = 9EA759651591355500AB5599 /* InfoPlist.strings */; };
		9EA759691591355500AB5599 /* main.m in Sources */ = {isa = PBXBuildFile; fileRef = 9EA759681591355500AB5599 /* main.m */; };
		9EA7596D1591355500AB5599 /* AppDelegate.m in Sources */ = {isa = PBXBuildFile; fileRef = 9EA7596C1591355500AB5599 /* AppDelegate.m */; };
		9EA759701591355500AB5599 /* MainStoryboard.storyboard in Resources */ = {isa = PBXBuildFile; fileRef = 9EA7596E1591355500AB5599 /* MainStoryboard.storyboard */; };
		9EA759731591355500AB5599 /* ViewController.m in Sources */ = {isa = PBXBuildFile; fileRef = 9EA759721591355500AB5599 /* ViewController.m */; };
		9EA7597B1591356C00AB5599 /* AboutViewController.m in Sources */ = {isa = PBXBuildFile; fileRef = 9EA7597A1591356C00AB5599 /* AboutViewController.m */; };
		9EA7597E1591358300AB5599 /* PlayViewController.m in Sources */ = {isa = PBXBuildFile; fileRef = 9EA7597D1591358300AB5599 /* PlayViewController.m */; };
		9EA759861591376700AB5599 /* glyphicons_020_home.png in Resources */ = {isa = PBXBuildFile; fileRef = 9EA759851591376700AB5599 /* glyphicons_020_home.png */; };
		9EA7598815913B2100AB5599 /* glyphicons_210_left_arrow.png in Resources */ = {isa = PBXBuildFile; fileRef = 9EA7598715913B2100AB5599 /* glyphicons_210_left_arrow.png */; };
		9EA7598F15913BB200AB5599 /* glyphicons_206_ok_2.png in Resources */ = {isa = PBXBuildFile; fileRef = 9EA7598D15913BB200AB5599 /* glyphicons_206_ok_2.png */; };
		9EA7599615913DDB00AB5599 /* C.png in Resources */ = {isa = PBXBuildFile; fileRef = 9EA7599115913DDB00AB5599 /* C.png */; };
		9EA7599715913DDB00AB5599 /* divide.png in Resources */ = {isa = PBXBuildFile; fileRef = 9EA7599215913DDB00AB5599 /* divide.png */; };
		9EA7599815913DDB00AB5599 /* times.png in Resources */ = {isa = PBXBuildFile; fileRef = 9EA7599315913DDB00AB5599 /* times.png */; };
		9EA7599915913DDB00AB5599 /* minus.png in Resources */ = {isa = PBXBuildFile; fileRef = 9EA7599415913DDB00AB5599 /* minus.png */; };
		9EA7599A15913DDB00AB5599 /* plus.png in Resources */ = {isa = PBXBuildFile; fileRef = 9EA7599515913DDB00AB5599 /* plus.png */; };
		9EA75A8C159978DC00AB5599 /* remove.png in Resources */ = {isa = PBXBuildFile; fileRef = 9EA75A8B159978DC00AB5599 /* remove.png */; };
		9EA75A9A159A025200AB5599 /* bioPic_Jim.png in Resources */ = {isa = PBXBuildFile; fileRef = 9EA75A99159A025200AB5599 /* bioPic_Jim.png */; };
		9EA75A9C159A043E00AB5599 /* math-graphic-post.png in Resources */ = {isa = PBXBuildFile; fileRef = 9EA75A9B159A043E00AB5599 /* math-graphic-post.png */; };
		9EA75A9F159A0D2400AB5599 /* ScoreViewController.m in Sources */ = {isa = PBXBuildFile; fileRef = 9EA75A9E159A0D2400AB5599 /* ScoreViewController.m */; };
<<<<<<< Updated upstream
		BB44B5621AED854D002608F6 /* 16027-illustration-of-a-3d-bar-chart-pv.png in Resources */ = {isa = PBXBuildFile; fileRef = BB44B5611AED854D002608F6 /* 16027-illustration-of-a-3d-bar-chart-pv.png */; };
=======
		B9CEA7E81AED85E100E2EAD4 /* MakeSchool.jpg in Resources */ = {isa = PBXBuildFile; fileRef = B9CEA7E71AED85E100E2EAD4 /* MakeSchool.jpg */; };
>>>>>>> Stashed changes
/* End PBXBuildFile section */

/* Begin PBXFileReference section */
		9EA759581591355500AB5599 /* MathFun.app */ = {isa = PBXFileReference; explicitFileType = wrapper.application; includeInIndex = 0; path = MathFun.app; sourceTree = BUILT_PRODUCTS_DIR; };
		9EA7595C1591355500AB5599 /* UIKit.framework */ = {isa = PBXFileReference; lastKnownFileType = wrapper.framework; name = UIKit.framework; path = System/Library/Frameworks/UIKit.framework; sourceTree = SDKROOT; };
		9EA7595E1591355500AB5599 /* Foundation.framework */ = {isa = PBXFileReference; lastKnownFileType = wrapper.framework; name = Foundation.framework; path = System/Library/Frameworks/Foundation.framework; sourceTree = SDKROOT; };
		9EA759601591355500AB5599 /* CoreGraphics.framework */ = {isa = PBXFileReference; lastKnownFileType = wrapper.framework; name = CoreGraphics.framework; path = System/Library/Frameworks/CoreGraphics.framework; sourceTree = SDKROOT; };
		9EA759641591355500AB5599 /* MathFun-Info.plist */ = {isa = PBXFileReference; lastKnownFileType = text.plist.xml; path = "MathFun-Info.plist"; sourceTree = "<group>"; };
		9EA759661591355500AB5599 /* en */ = {isa = PBXFileReference; lastKnownFileType = text.plist.strings; name = en; path = en.lproj/InfoPlist.strings; sourceTree = "<group>"; };
		9EA759681591355500AB5599 /* main.m */ = {isa = PBXFileReference; lastKnownFileType = sourcecode.c.objc; path = main.m; sourceTree = "<group>"; };
		9EA7596A1591355500AB5599 /* MathFun-Prefix.pch */ = {isa = PBXFileReference; lastKnownFileType = sourcecode.c.h; path = "MathFun-Prefix.pch"; sourceTree = "<group>"; };
		9EA7596B1591355500AB5599 /* AppDelegate.h */ = {isa = PBXFileReference; lastKnownFileType = sourcecode.c.h; path = AppDelegate.h; sourceTree = "<group>"; };
		9EA7596C1591355500AB5599 /* AppDelegate.m */ = {isa = PBXFileReference; lastKnownFileType = sourcecode.c.objc; path = AppDelegate.m; sourceTree = "<group>"; };
		9EA7596F1591355500AB5599 /* en */ = {isa = PBXFileReference; lastKnownFileType = file.storyboard; name = en; path = en.lproj/MainStoryboard.storyboard; sourceTree = "<group>"; };
		9EA759711591355500AB5599 /* ViewController.h */ = {isa = PBXFileReference; lastKnownFileType = sourcecode.c.h; path = ViewController.h; sourceTree = "<group>"; };
		9EA759721591355500AB5599 /* ViewController.m */ = {isa = PBXFileReference; lastKnownFileType = sourcecode.c.objc; path = ViewController.m; sourceTree = "<group>"; };
		9EA759791591356C00AB5599 /* AboutViewController.h */ = {isa = PBXFileReference; fileEncoding = 4; lastKnownFileType = sourcecode.c.h; path = AboutViewController.h; sourceTree = "<group>"; };
		9EA7597A1591356C00AB5599 /* AboutViewController.m */ = {isa = PBXFileReference; fileEncoding = 4; lastKnownFileType = sourcecode.c.objc; path = AboutViewController.m; sourceTree = "<group>"; };
		9EA7597C1591358300AB5599 /* PlayViewController.h */ = {isa = PBXFileReference; fileEncoding = 4; lastKnownFileType = sourcecode.c.h; path = PlayViewController.h; sourceTree = "<group>"; };
		9EA7597D1591358300AB5599 /* PlayViewController.m */ = {isa = PBXFileReference; fileEncoding = 4; lastKnownFileType = sourcecode.c.objc; path = PlayViewController.m; sourceTree = "<group>"; };
		9EA759851591376700AB5599 /* glyphicons_020_home.png */ = {isa = PBXFileReference; lastKnownFileType = image.png; path = glyphicons_020_home.png; sourceTree = "<group>"; };
		9EA7598715913B2100AB5599 /* glyphicons_210_left_arrow.png */ = {isa = PBXFileReference; lastKnownFileType = image.png; path = glyphicons_210_left_arrow.png; sourceTree = "<group>"; };
		9EA7598D15913BB200AB5599 /* glyphicons_206_ok_2.png */ = {isa = PBXFileReference; lastKnownFileType = image.png; path = glyphicons_206_ok_2.png; sourceTree = "<group>"; };
		9EA7599115913DDB00AB5599 /* C.png */ = {isa = PBXFileReference; lastKnownFileType = image.png; path = C.png; sourceTree = "<group>"; };
		9EA7599215913DDB00AB5599 /* divide.png */ = {isa = PBXFileReference; lastKnownFileType = image.png; path = divide.png; sourceTree = "<group>"; };
		9EA7599315913DDB00AB5599 /* times.png */ = {isa = PBXFileReference; lastKnownFileType = image.png; path = times.png; sourceTree = "<group>"; };
		9EA7599415913DDB00AB5599 /* minus.png */ = {isa = PBXFileReference; lastKnownFileType = image.png; path = minus.png; sourceTree = "<group>"; };
		9EA7599515913DDB00AB5599 /* plus.png */ = {isa = PBXFileReference; lastKnownFileType = image.png; path = plus.png; sourceTree = "<group>"; };
		9EA75A8B159978DC00AB5599 /* remove.png */ = {isa = PBXFileReference; lastKnownFileType = image.png; path = remove.png; sourceTree = "<group>"; };
		9EA75A99159A025200AB5599 /* bioPic_Jim.png */ = {isa = PBXFileReference; lastKnownFileType = image.png; path = bioPic_Jim.png; sourceTree = "<group>"; };
		9EA75A9B159A043E00AB5599 /* math-graphic-post.png */ = {isa = PBXFileReference; lastKnownFileType = image.png; path = "math-graphic-post.png"; sourceTree = "<group>"; };
		9EA75A9D159A0D2400AB5599 /* ScoreViewController.h */ = {isa = PBXFileReference; fileEncoding = 4; lastKnownFileType = sourcecode.c.h; path = ScoreViewController.h; sourceTree = "<group>"; };
		9EA75A9E159A0D2400AB5599 /* ScoreViewController.m */ = {isa = PBXFileReference; fileEncoding = 4; lastKnownFileType = sourcecode.c.objc; path = ScoreViewController.m; sourceTree = "<group>"; };
<<<<<<< Updated upstream
		BB44B5611AED854D002608F6 /* 16027-illustration-of-a-3d-bar-chart-pv.png */ = {isa = PBXFileReference; lastKnownFileType = image.png; path = "16027-illustration-of-a-3d-bar-chart-pv.png"; sourceTree = "<group>"; };
=======
		B9CEA7E71AED85E100E2EAD4 /* MakeSchool.jpg */ = {isa = PBXFileReference; lastKnownFileType = image.jpeg; path = MakeSchool.jpg; sourceTree = "<group>"; };
>>>>>>> Stashed changes
/* End PBXFileReference section */

/* Begin PBXFrameworksBuildPhase section */
		9EA759551591355500AB5599 /* Frameworks */ = {
			isa = PBXFrameworksBuildPhase;
			buildActionMask = 2147483647;
			files = (
				9EA7595D1591355500AB5599 /* UIKit.framework in Frameworks */,
				9EA7595F1591355500AB5599 /* Foundation.framework in Frameworks */,
				9EA759611591355500AB5599 /* CoreGraphics.framework in Frameworks */,
			);
			runOnlyForDeploymentPostprocessing = 0;
		};
/* End PBXFrameworksBuildPhase section */

/* Begin PBXGroup section */
		9EA7594D1591355500AB5599 = {
			isa = PBXGroup;
			children = (
				9EA759621591355500AB5599 /* MathFun */,
				9EA7595B1591355500AB5599 /* Frameworks */,
				9EA759591591355500AB5599 /* Products */,
			);
			sourceTree = "<group>";
		};
		9EA759591591355500AB5599 /* Products */ = {
			isa = PBXGroup;
			children = (
				9EA759581591355500AB5599 /* MathFun.app */,
			);
			name = Products;
			sourceTree = "<group>";
		};
		9EA7595B1591355500AB5599 /* Frameworks */ = {
			isa = PBXGroup;
			children = (
				9EA7595C1591355500AB5599 /* UIKit.framework */,
				9EA7595E1591355500AB5599 /* Foundation.framework */,
				9EA759601591355500AB5599 /* CoreGraphics.framework */,
			);
			name = Frameworks;
			sourceTree = "<group>";
		};
		9EA759621591355500AB5599 /* MathFun */ = {
			isa = PBXGroup;
			children = (
				9EA7596B1591355500AB5599 /* AppDelegate.h */,
				9EA7596C1591355500AB5599 /* AppDelegate.m */,
				9EA7596E1591355500AB5599 /* MainStoryboard.storyboard */,
				9EA759711591355500AB5599 /* ViewController.h */,
				9EA759721591355500AB5599 /* ViewController.m */,
				9EA759631591355500AB5599 /* Supporting Files */,
				9EA759791591356C00AB5599 /* AboutViewController.h */,
				9EA7597A1591356C00AB5599 /* AboutViewController.m */,
				9EA7597C1591358300AB5599 /* PlayViewController.h */,
				9EA7597D1591358300AB5599 /* PlayViewController.m */,
				9EA75A9D159A0D2400AB5599 /* ScoreViewController.h */,
				9EA75A9E159A0D2400AB5599 /* ScoreViewController.m */,
			);
			path = MathFun;
			sourceTree = "<group>";
		};
		9EA759631591355500AB5599 /* Supporting Files */ = {
			isa = PBXGroup;
			children = (
				B9CEA7E71AED85E100E2EAD4 /* MakeSchool.jpg */,
				9EA75A9B159A043E00AB5599 /* math-graphic-post.png */,
				9EA75A99159A025200AB5599 /* bioPic_Jim.png */,
				9EA75A8B159978DC00AB5599 /* remove.png */,
				9EA7599115913DDB00AB5599 /* C.png */,
				9EA7599215913DDB00AB5599 /* divide.png */,
				BB44B5611AED854D002608F6 /* 16027-illustration-of-a-3d-bar-chart-pv.png */,
				9EA7599315913DDB00AB5599 /* times.png */,
				9EA7599415913DDB00AB5599 /* minus.png */,
				9EA7599515913DDB00AB5599 /* plus.png */,
				9EA7598D15913BB200AB5599 /* glyphicons_206_ok_2.png */,
				9EA7598715913B2100AB5599 /* glyphicons_210_left_arrow.png */,
				9EA759851591376700AB5599 /* glyphicons_020_home.png */,
				9EA759641591355500AB5599 /* MathFun-Info.plist */,
				9EA759651591355500AB5599 /* InfoPlist.strings */,
				9EA759681591355500AB5599 /* main.m */,
				9EA7596A1591355500AB5599 /* MathFun-Prefix.pch */,
			);
			name = "Supporting Files";
			sourceTree = "<group>";
		};
/* End PBXGroup section */

/* Begin PBXNativeTarget section */
		9EA759571591355500AB5599 /* MathFun */ = {
			isa = PBXNativeTarget;
			buildConfigurationList = 9EA759761591355500AB5599 /* Build configuration list for PBXNativeTarget "MathFun" */;
			buildPhases = (
				9EA759541591355500AB5599 /* Sources */,
				9EA759551591355500AB5599 /* Frameworks */,
				9EA759561591355500AB5599 /* Resources */,
			);
			buildRules = (
			);
			dependencies = (
			);
			name = MathFun;
			productName = MathFun;
			productReference = 9EA759581591355500AB5599 /* MathFun.app */;
			productType = "com.apple.product-type.application";
		};
/* End PBXNativeTarget section */

/* Begin PBXProject section */
		9EA7594F1591355500AB5599 /* Project object */ = {
			isa = PBXProject;
			attributes = {
				LastUpgradeCheck = 0430;
				ORGANIZATIONNAME = "chundachen1230@gmail.com";
			};
			buildConfigurationList = 9EA759521591355500AB5599 /* Build configuration list for PBXProject "MathFun" */;
			compatibilityVersion = "Xcode 3.2";
			developmentRegion = English;
			hasScannedForEncodings = 0;
			knownRegions = (
				en,
			);
			mainGroup = 9EA7594D1591355500AB5599;
			productRefGroup = 9EA759591591355500AB5599 /* Products */;
			projectDirPath = "";
			projectRoot = "";
			targets = (
				9EA759571591355500AB5599 /* MathFun */,
			);
		};
/* End PBXProject section */

/* Begin PBXResourcesBuildPhase section */
		9EA759561591355500AB5599 /* Resources */ = {
			isa = PBXResourcesBuildPhase;
			buildActionMask = 2147483647;
			files = (
				9EA759671591355500AB5599 /* InfoPlist.strings in Resources */,
				9EA759701591355500AB5599 /* MainStoryboard.storyboard in Resources */,
				9EA759861591376700AB5599 /* glyphicons_020_home.png in Resources */,
				B9CEA7E81AED85E100E2EAD4 /* MakeSchool.jpg in Resources */,
				9EA7598815913B2100AB5599 /* glyphicons_210_left_arrow.png in Resources */,
				9EA7598F15913BB200AB5599 /* glyphicons_206_ok_2.png in Resources */,
				9EA7599615913DDB00AB5599 /* C.png in Resources */,
				9EA7599715913DDB00AB5599 /* divide.png in Resources */,
				9EA7599815913DDB00AB5599 /* times.png in Resources */,
				9EA7599915913DDB00AB5599 /* minus.png in Resources */,
				9EA7599A15913DDB00AB5599 /* plus.png in Resources */,
				9EA75A8C159978DC00AB5599 /* remove.png in Resources */,
				9EA75A9A159A025200AB5599 /* bioPic_Jim.png in Resources */,
				9EA75A9C159A043E00AB5599 /* math-graphic-post.png in Resources */,
				BB44B5621AED854D002608F6 /* 16027-illustration-of-a-3d-bar-chart-pv.png in Resources */,
			);
			runOnlyForDeploymentPostprocessing = 0;
		};
/* End PBXResourcesBuildPhase section */

/* Begin PBXSourcesBuildPhase section */
		9EA759541591355500AB5599 /* Sources */ = {
			isa = PBXSourcesBuildPhase;
			buildActionMask = 2147483647;
			files = (
				9EA759691591355500AB5599 /* main.m in Sources */,
				9EA7596D1591355500AB5599 /* AppDelegate.m in Sources */,
				9EA759731591355500AB5599 /* ViewController.m in Sources */,
				9EA7597B1591356C00AB5599 /* AboutViewController.m in Sources */,
				9EA7597E1591358300AB5599 /* PlayViewController.m in Sources */,
				9EA75A9F159A0D2400AB5599 /* ScoreViewController.m in Sources */,
			);
			runOnlyForDeploymentPostprocessing = 0;
		};
/* End PBXSourcesBuildPhase section */

/* Begin PBXVariantGroup section */
		9EA759651591355500AB5599 /* InfoPlist.strings */ = {
			isa = PBXVariantGroup;
			children = (
				9EA759661591355500AB5599 /* en */,
			);
			name = InfoPlist.strings;
			sourceTree = "<group>";
		};
		9EA7596E1591355500AB5599 /* MainStoryboard.storyboard */ = {
			isa = PBXVariantGroup;
			children = (
				9EA7596F1591355500AB5599 /* en */,
			);
			name = MainStoryboard.storyboard;
			sourceTree = "<group>";
		};
/* End PBXVariantGroup section */

/* Begin XCBuildConfiguration section */
		9EA759741591355500AB5599 /* Debug */ = {
			isa = XCBuildConfiguration;
			buildSettings = {
				ALWAYS_SEARCH_USER_PATHS = NO;
				ARCHS = "$(ARCHS_STANDARD_32_BIT)";
				CLANG_ENABLE_OBJC_ARC = YES;
				"CODE_SIGN_IDENTITY[sdk=iphoneos*]" = "iPhone Developer";
				COPY_PHASE_STRIP = NO;
				GCC_C_LANGUAGE_STANDARD = gnu99;
				GCC_DYNAMIC_NO_PIC = NO;
				GCC_OPTIMIZATION_LEVEL = 0;
				GCC_PREPROCESSOR_DEFINITIONS = (
					"DEBUG=1",
					"$(inherited)",
				);
				GCC_SYMBOLS_PRIVATE_EXTERN = NO;
				GCC_VERSION = com.apple.compilers.llvm.clang.1_0;
				GCC_WARN_ABOUT_RETURN_TYPE = YES;
				GCC_WARN_UNINITIALIZED_AUTOS = YES;
				GCC_WARN_UNUSED_VARIABLE = YES;
				IPHONEOS_DEPLOYMENT_TARGET = 5.1;
				SDKROOT = iphoneos;
			};
			name = Debug;
		};
		9EA759751591355500AB5599 /* Release */ = {
			isa = XCBuildConfiguration;
			buildSettings = {
				ALWAYS_SEARCH_USER_PATHS = NO;
				ARCHS = "$(ARCHS_STANDARD_32_BIT)";
				CLANG_ENABLE_OBJC_ARC = YES;
				"CODE_SIGN_IDENTITY[sdk=iphoneos*]" = "iPhone Developer";
				COPY_PHASE_STRIP = YES;
				GCC_C_LANGUAGE_STANDARD = gnu99;
				GCC_VERSION = com.apple.compilers.llvm.clang.1_0;
				GCC_WARN_ABOUT_RETURN_TYPE = YES;
				GCC_WARN_UNINITIALIZED_AUTOS = YES;
				GCC_WARN_UNUSED_VARIABLE = YES;
				IPHONEOS_DEPLOYMENT_TARGET = 5.1;
				OTHER_CFLAGS = "-DNS_BLOCK_ASSERTIONS=1";
				SDKROOT = iphoneos;
				VALIDATE_PRODUCT = YES;
			};
			name = Release;
		};
		9EA759771591355500AB5599 /* Debug */ = {
			isa = XCBuildConfiguration;
			buildSettings = {
				GCC_PRECOMPILE_PREFIX_HEADER = YES;
				GCC_PREFIX_HEADER = "MathFun/MathFun-Prefix.pch";
				INFOPLIST_FILE = "MathFun/MathFun-Info.plist";
				PRODUCT_NAME = "$(TARGET_NAME)";
				WRAPPER_EXTENSION = app;
			};
			name = Debug;
		};
		9EA759781591355500AB5599 /* Release */ = {
			isa = XCBuildConfiguration;
			buildSettings = {
				GCC_PRECOMPILE_PREFIX_HEADER = YES;
				GCC_PREFIX_HEADER = "MathFun/MathFun-Prefix.pch";
				INFOPLIST_FILE = "MathFun/MathFun-Info.plist";
				PRODUCT_NAME = "$(TARGET_NAME)";
				WRAPPER_EXTENSION = app;
			};
			name = Release;
		};
/* End XCBuildConfiguration section */

/* Begin XCConfigurationList section */
		9EA759521591355500AB5599 /* Build configuration list for PBXProject "MathFun" */ = {
			isa = XCConfigurationList;
			buildConfigurations = (
				9EA759741591355500AB5599 /* Debug */,
				9EA759751591355500AB5599 /* Release */,
			);
			defaultConfigurationIsVisible = 0;
			defaultConfigurationName = Release;
		};
		9EA759761591355500AB5599 /* Build configuration list for PBXNativeTarget "MathFun" */ = {
			isa = XCConfigurationList;
			buildConfigurations = (
				9EA759771591355500AB5599 /* Debug */,
				9EA759781591355500AB5599 /* Release */,
			);
			defaultConfigurationIsVisible = 0;
			defaultConfigurationName = Release;
		};
/* End XCConfigurationList section */
	};
	rootObject = 9EA7594F1591355500AB5599 /* Project object */;
}
